
Microsoft Visual Studio Solution File, Format Version 12.00
# Visual Studio Version 17
VisualStudioVersion = 17.4.33205.214
MinimumVisualStudioVersion = 10.0.40219.1
Project("{FAE04EC0-301F-11D3-BF4B-00C04F79EFBC}") = "P326FirstApp", "P326FirstApp\P326FirstApp.csproj", "{2F2F3BB0-AC55-49C6-84D8-BF67CD46231D}"
EndProject
Global
	GlobalSection(SolutionConfigurationPlatforms) = preSolution
		Debug|Any CPU = Debug|Any CPU
		Release|Any CPU = Release|Any CPU
	EndGlobalSection
	GlobalSection(ProjectConfigurationPlatforms) = postSolution
		{2F2F3BB0-AC55-49C6-84D8-BF67CD46231D}.Debug|Any CPU.ActiveCfg = Debug|Any CPU
		{2F2F3BB0-AC55-49C6-84D8-BF67CD46231D}.Debug|Any CPU.Build.0 = Debug|Any CPU
		{2F2F3BB0-AC55-49C6-84D8-BF67CD46231D}.Release|Any CPU.ActiveCfg = Release|Any CPU
		{2F2F3BB0-AC55-49C6-84D8-BF67CD46231D}.Release|Any CPU.Build.0 = Release|Any CPU
	EndGlobalSection
	GlobalSection(SolutionProperties) = preSolution
		HideSolutionNode = FALSE
	EndGlobalSection
	GlobalSection(ExtensibilityGlobals) = postSolution
		SolutionGuid = {30DA20F2-7ADA-44E4-A261-DC3C317C6ABD}
	EndGlobalSection
EndGlobal
